
Microsoft Visual Studio Solution File, Format Version 12.00
# Visual Studio Version 17
VisualStudioVersion = 17.14.36401.2
MinimumVisualStudioVersion = 10.0.40219.1
Project("{FAE04EC0-301F-11D3-BF4B-00C04F79EFBC}") = "FilestoreMicroS", "FilestoreMicroS.csproj", "{D16CCC80-2768-4548-9703-794BF5AD0C0D}"
EndProject
Project("{FAE04EC0-301F-11D3-BF4B-00C04F79EFBC}") = "FilestoreMicroS.Tests", "..\FilestoreMicroS.Tests\FilestoreMicroS.Tests.csproj", "{60E696BE-BAE3-4374-93C0-6FC3D7167F4B}"
	ProjectSection(ProjectDependencies) = postProject
		{D16CCC80-2768-4548-9703-794BF5AD0C0D} = {D16CCC80-2768-4548-9703-794BF5AD0C0D}
	EndProjectSection
EndProject
Global
	GlobalSection(SolutionConfigurationPlatforms) = preSolution
		Debug|Any CPU = Debug|Any CPU
		Release|Any CPU = Release|Any CPU
	EndGlobalSection
	GlobalSection(ProjectConfigurationPlatforms) = postSolution
		{D16CCC80-2768-4548-9703-794BF5AD0C0D}.Debug|Any CPU.ActiveCfg = Debug|Any CPU
		{D16CCC80-2768-4548-9703-794BF5AD0C0D}.Debug|Any CPU.Build.0 = Debug|Any CPU
		{D16CCC80-2768-4548-9703-794BF5AD0C0D}.Release|Any CPU.ActiveCfg = Release|Any CPU
		{D16CCC80-2768-4548-9703-794BF5AD0C0D}.Release|Any CPU.Build.0 = Release|Any CPU
		{60E696BE-BAE3-4374-93C0-6FC3D7167F4B}.Debug|Any CPU.ActiveCfg = Debug|Any CPU
		{60E696BE-BAE3-4374-93C0-6FC3D7167F4B}.Debug|Any CPU.Build.0 = Debug|Any CPU
		{60E696BE-BAE3-4374-93C0-6FC3D7167F4B}.Release|Any CPU.ActiveCfg = Release|Any CPU
		{60E696BE-BAE3-4374-93C0-6FC3D7167F4B}.Release|Any CPU.Build.0 = Release|Any CPU
	EndGlobalSection
	GlobalSection(SolutionProperties) = preSolution
		HideSolutionNode = FALSE
	EndGlobalSection
	GlobalSection(ExtensibilityGlobals) = postSolution
		SolutionGuid = {273181DE-2E1B-4361-8F0C-AA373E7663C5}
	EndGlobalSection
EndGlobal
